// !$*UTF8*$!
{
	archiveVersion = 1;
	classes = {
	};
	objectVersion = 46;
	objects = {

/* Begin PBXBuildFile section */
		1112941C1679185000DFB8A2 /* TUSafariActivity.strings in Resources */ = {isa = PBXBuildFile; fileRef = 111294051679185000DFB8A2 /* TUSafariActivity.strings */; };
		1112941D1679185000DFB8A2 /* Safari.png in Resources */ = {isa = PBXBuildFile; fileRef = 111294121679185000DFB8A2 /* Safari.png */; };
		1112941E1679185000DFB8A2 /* Safari@2x.png in Resources */ = {isa = PBXBuildFile; fileRef = 111294131679185000DFB8A2 /* Safari@2x.png */; };
		1112941F1679185000DFB8A2 /* Safari@2x~ipad.png in Resources */ = {isa = PBXBuildFile; fileRef = 111294141679185000DFB8A2 /* Safari@2x~ipad.png */; };
		111294201679185000DFB8A2 /* Safari~ipad.png in Resources */ = {isa = PBXBuildFile; fileRef = 111294151679185000DFB8A2 /* Safari~ipad.png */; };
		111294211679185000DFB8A2 /* TUSafariActivity.m in Sources */ = {isa = PBXBuildFile; fileRef = 111294191679185000DFB8A2 /* TUSafariActivity.m */; };
		11DC66E1166966B400C3FF37 /* UIKit.framework in Frameworks */ = {isa = PBXBuildFile; fileRef = 11DC66E0166966B400C3FF37 /* UIKit.framework */; };
		11DC66E3166966B400C3FF37 /* Foundation.framework in Frameworks */ = {isa = PBXBuildFile; fileRef = 11DC66E2166966B400C3FF37 /* Foundation.framework */; };
		11DC66E5166966B400C3FF37 /* CoreGraphics.framework in Frameworks */ = {isa = PBXBuildFile; fileRef = 11DC66E4166966B400C3FF37 /* CoreGraphics.framework */; };
		11DC66EB166966B400C3FF37 /* InfoPlist.strings in Resources */ = {isa = PBXBuildFile; fileRef = 11DC66E9166966B400C3FF37 /* InfoPlist.strings */; };
		11DC66ED166966B400C3FF37 /* main.m in Sources */ = {isa = PBXBuildFile; fileRef = 11DC66EC166966B400C3FF37 /* main.m */; };
		11DC66F1166966B400C3FF37 /* AppDelegate.m in Sources */ = {isa = PBXBuildFile; fileRef = 11DC66F0166966B400C3FF37 /* AppDelegate.m */; };
		11DC66F3166966B400C3FF37 /* Default.png in Resources */ = {isa = PBXBuildFile; fileRef = 11DC66F2166966B400C3FF37 /* Default.png */; };
		11DC66F5166966B400C3FF37 /* Default@2x.png in Resources */ = {isa = PBXBuildFile; fileRef = 11DC66F4166966B400C3FF37 /* Default@2x.png */; };
		11DC66F7166966B400C3FF37 /* Default-568h@2x.png in Resources */ = {isa = PBXBuildFile; fileRef = 11DC66F6166966B400C3FF37 /* Default-568h@2x.png */; };
		11DC66FA166966B400C3FF37 /* MainStoryboard_iPhone.storyboard in Resources */ = {isa = PBXBuildFile; fileRef = 11DC66F8166966B400C3FF37 /* MainStoryboard_iPhone.storyboard */; };
		11DC66FD166966B400C3FF37 /* MainStoryboard_iPad.storyboard in Resources */ = {isa = PBXBuildFile; fileRef = 11DC66FB166966B400C3FF37 /* MainStoryboard_iPad.storyboard */; };
		11DC6700166966B400C3FF37 /* ViewController.m in Sources */ = {isa = PBXBuildFile; fileRef = 11DC66FF166966B400C3FF37 /* ViewController.m */; };
/* End PBXBuildFile section */

/* Begin PBXFileReference section */
		111294061679185000DFB8A2 /* cs */ = {isa = PBXFileReference; lastKnownFileType = text.plist.strings; name = cs; path = cs.lproj/TUSafariActivity.strings; sourceTree = "<group>"; };
		111294071679185000DFB8A2 /* de */ = {isa = PBXFileReference; lastKnownFileType = text.plist.strings; name = de; path = de.lproj/TUSafariActivity.strings; sourceTree = "<group>"; };
		111294081679185000DFB8A2 /* en */ = {isa = PBXFileReference; lastKnownFileType = text.plist.strings; name = en; path = en.lproj/TUSafariActivity.strings; sourceTree = "<group>"; };
		111294091679185000DFB8A2 /* es */ = {isa = PBXFileReference; lastKnownFileType = text.plist.strings; name = es; path = es.lproj/TUSafariActivity.strings; sourceTree = "<group>"; };
		1112940A1679185000DFB8A2 /* eu */ = {isa = PBXFileReference; lastKnownFileType = text.plist.strings; name = eu; path = eu.lproj/TUSafariActivity.strings; sourceTree = "<group>"; };
		1112940B1679185000DFB8A2 /* fr */ = {isa = PBXFileReference; lastKnownFileType = text.plist.strings; name = fr; path = fr.lproj/TUSafariActivity.strings; sourceTree = "<group>"; };
		1112940C1679185000DFB8A2 /* it */ = {isa = PBXFileReference; lastKnownFileType = text.plist.strings; name = it; path = it.lproj/TUSafariActivity.strings; sourceTree = "<group>"; };
		1112940D1679185000DFB8A2 /* ja */ = {isa = PBXFileReference; lastKnownFileType = text.plist.strings; name = ja; path = ja.lproj/TUSafariActivity.strings; sourceTree = "<group>"; };
		1112940E1679185000DFB8A2 /* ko */ = {isa = PBXFileReference; lastKnownFileType = text.plist.strings; name = ko; path = ko.lproj/TUSafariActivity.strings; sourceTree = "<group>"; };
		1112940F1679185000DFB8A2 /* nl */ = {isa = PBXFileReference; lastKnownFileType = text.plist.strings; name = nl; path = nl.lproj/TUSafariActivity.strings; sourceTree = "<group>"; };
		111294101679185000DFB8A2 /* no */ = {isa = PBXFileReference; lastKnownFileType = text.plist.strings; name = no; path = no.lproj/TUSafariActivity.strings; sourceTree = "<group>"; };
		111294111679185000DFB8A2 /* ru */ = {isa = PBXFileReference; lastKnownFileType = text.plist.strings; name = ru; path = ru.lproj/TUSafariActivity.strings; sourceTree = "<group>"; };
		111294121679185000DFB8A2 /* Safari.png */ = {isa = PBXFileReference; lastKnownFileType = image.png; path = Safari.png; sourceTree = "<group>"; };
		111294131679185000DFB8A2 /* Safari@2x.png */ = {isa = PBXFileReference; lastKnownFileType = image.png; path = "Safari@2x.png"; sourceTree = "<group>"; };
		111294141679185000DFB8A2 /* Safari@2x~ipad.png */ = {isa = PBXFileReference; lastKnownFileType = image.png; path = "Safari@2x~ipad.png"; sourceTree = "<group>"; };
		111294151679185000DFB8A2 /* Safari~ipad.png */ = {isa = PBXFileReference; lastKnownFileType = image.png; path = "Safari~ipad.png"; sourceTree = "<group>"; };
		111294161679185000DFB8A2 /* sk */ = {isa = PBXFileReference; lastKnownFileType = text.plist.strings; name = sk; path = sk.lproj/TUSafariActivity.strings; sourceTree = "<group>"; };
		111294171679185000DFB8A2 /* sv */ = {isa = PBXFileReference; lastKnownFileType = text.plist.strings; name = sv; path = sv.lproj/TUSafariActivity.strings; sourceTree = "<group>"; };
		111294181679185000DFB8A2 /* TUSafariActivity.h */ = {isa = PBXFileReference; fileEncoding = 4; lastKnownFileType = sourcecode.c.h; path = TUSafariActivity.h; sourceTree = "<group>"; };
		111294191679185000DFB8A2 /* TUSafariActivity.m */ = {isa = PBXFileReference; fileEncoding = 4; lastKnownFileType = sourcecode.c.objc; path = TUSafariActivity.m; sourceTree = "<group>"; };
		1112941A1679185000DFB8A2 /* vi */ = {isa = PBXFileReference; lastKnownFileType = text.plist.strings; name = vi; path = vi.lproj/TUSafariActivity.strings; sourceTree = "<group>"; };
		1112941B1679185000DFB8A2 /* zh_CN */ = {isa = PBXFileReference; lastKnownFileType = text.plist.strings; name = zh_CN; path = zh_CN.lproj/TUSafariActivity.strings; sourceTree = "<group>"; };
		11DC66DC166966B400C3FF37 /* TUSafariActivityExample.app */ = {isa = PBXFileReference; explicitFileType = wrapper.application; includeInIndex = 0; path = TUSafariActivityExample.app; sourceTree = BUILT_PRODUCTS_DIR; };
		11DC66E0166966B400C3FF37 /* UIKit.framework */ = {isa = PBXFileReference; lastKnownFileType = wrapper.framework; name = UIKit.framework; path = System/Library/Frameworks/UIKit.framework; sourceTree = SDKROOT; };
		11DC66E2166966B400C3FF37 /* Foundation.framework */ = {isa = PBXFileReference; lastKnownFileType = wrapper.framework; name = Foundation.framework; path = System/Library/Frameworks/Foundation.framework; sourceTree = SDKROOT; };
		11DC66E4166966B400C3FF37 /* CoreGraphics.framework */ = {isa = PBXFileReference; lastKnownFileType = wrapper.framework; name = CoreGraphics.framework; path = System/Library/Frameworks/CoreGraphics.framework; sourceTree = SDKROOT; };
		11DC66E8166966B400C3FF37 /* TUSafariActivityExample-Info.plist */ = {isa = PBXFileReference; lastKnownFileType = text.plist.xml; path = "TUSafariActivityExample-Info.plist"; sourceTree = "<group>"; };
		11DC66EA166966B400C3FF37 /* en */ = {isa = PBXFileReference; lastKnownFileType = text.plist.strings; name = en; path = en.lproj/InfoPlist.strings; sourceTree = "<group>"; };
		11DC66EC166966B400C3FF37 /* main.m */ = {isa = PBXFileReference; lastKnownFileType = sourcecode.c.objc; path = main.m; sourceTree = "<group>"; };
		11DC66EE166966B400C3FF37 /* TUSafariActivityExample-Prefix.pch */ = {isa = PBXFileReference; lastKnownFileType = sourcecode.c.h; path = "TUSafariActivityExample-Prefix.pch"; sourceTree = "<group>"; };
		11DC66EF166966B400C3FF37 /* AppDelegate.h */ = {isa = PBXFileReference; lastKnownFileType = sourcecode.c.h; path = AppDelegate.h; sourceTree = "<group>"; };
		11DC66F0166966B400C3FF37 /* AppDelegate.m */ = {isa = PBXFileReference; lastKnownFileType = sourcecode.c.objc; path = AppDelegate.m; sourceTree = "<group>"; };
		11DC66F2166966B400C3FF37 /* Default.png */ = {isa = PBXFileReference; lastKnownFileType = image.png; path = Default.png; sourceTree = "<group>"; };
		11DC66F4166966B400C3FF37 /* Default@2x.png */ = {isa = PBXFileReference; lastKnownFileType = image.png; path = "Default@2x.png"; sourceTree = "<group>"; };
		11DC66F6166966B400C3FF37 /* Default-568h@2x.png */ = {isa = PBXFileReference; lastKnownFileType = image.png; path = "Default-568h@2x.png"; sourceTree = "<group>"; };
		11DC66F9166966B400C3FF37 /* en */ = {isa = PBXFileReference; lastKnownFileType = file.storyboard; name = en; path = en.lproj/MainStoryboard_iPhone.storyboard; sourceTree = "<group>"; };
		11DC66FC166966B400C3FF37 /* en */ = {isa = PBXFileReference; lastKnownFileType = file.storyboard; name = en; path = en.lproj/MainStoryboard_iPad.storyboard; sourceTree = "<group>"; };
		11DC66FE166966B400C3FF37 /* ViewController.h */ = {isa = PBXFileReference; lastKnownFileType = sourcecode.c.h; path = ViewController.h; sourceTree = "<group>"; };
		11DC66FF166966B400C3FF37 /* ViewController.m */ = {isa = PBXFileReference; lastKnownFileType = sourcecode.c.objc; path = ViewController.m; sourceTree = "<group>"; };
/* End PBXFileReference section */

/* Begin PBXFrameworksBuildPhase section */
		11DC66D9166966B400C3FF37 /* Frameworks */ = {
			isa = PBXFrameworksBuildPhase;
			buildActionMask = 2147483647;
			files = (
				11DC66E1166966B400C3FF37 /* UIKit.framework in Frameworks */,
				11DC66E3166966B400C3FF37 /* Foundation.framework in Frameworks */,
				11DC66E5166966B400C3FF37 /* CoreGraphics.framework in Frameworks */,
			);
			runOnlyForDeploymentPostprocessing = 0;
		};
/* End PBXFrameworksBuildPhase section */

/* Begin PBXGroup section */
		111294041679185000DFB8A2 /* TUSafariActivity */ = {
			isa = PBXGroup;
			children = (
				111294051679185000DFB8A2 /* TUSafariActivity.strings */,
				111294121679185000DFB8A2 /* Safari.png */,
				111294131679185000DFB8A2 /* Safari@2x.png */,
				111294141679185000DFB8A2 /* Safari@2x~ipad.png */,
				111294151679185000DFB8A2 /* Safari~ipad.png */,
				111294181679185000DFB8A2 /* TUSafariActivity.h */,
				111294191679185000DFB8A2 /* TUSafariActivity.m */,
			);
			path = TUSafariActivity;
			sourceTree = "<group>";
		};
		11DC66D1166966B400C3FF37 = {
			isa = PBXGroup;
			children = (
				111294041679185000DFB8A2 /* TUSafariActivity */,
				11DC66E6166966B400C3FF37 /* TUSafariActivityExample */,
				11DC66DF166966B400C3FF37 /* Frameworks */,
				11DC66DD166966B400C3FF37 /* Products */,
			);
			sourceTree = "<group>";
		};
		11DC66DD166966B400C3FF37 /* Products */ = {
			isa = PBXGroup;
			children = (
				11DC66DC166966B400C3FF37 /* TUSafariActivityExample.app */,
			);
			name = Products;
			sourceTree = "<group>";
		};
		11DC66DF166966B400C3FF37 /* Frameworks */ = {
			isa = PBXGroup;
			children = (
				11DC66E0166966B400C3FF37 /* UIKit.framework */,
				11DC66E2166966B400C3FF37 /* Foundation.framework */,
				11DC66E4166966B400C3FF37 /* CoreGraphics.framework */,
			);
			name = Frameworks;
			sourceTree = "<group>";
		};
		11DC66E6166966B400C3FF37 /* TUSafariActivityExample */ = {
			isa = PBXGroup;
			children = (
				11DC66EF166966B400C3FF37 /* AppDelegate.h */,
				11DC66F0166966B400C3FF37 /* AppDelegate.m */,
				11DC66F8166966B400C3FF37 /* MainStoryboard_iPhone.storyboard */,
				11DC66FB166966B400C3FF37 /* MainStoryboard_iPad.storyboard */,
				11DC66FE166966B400C3FF37 /* ViewController.h */,
				11DC66FF166966B400C3FF37 /* ViewController.m */,
				11DC66E7166966B400C3FF37 /* Supporting Files */,
			);
			path = TUSafariActivityExample;
			sourceTree = "<group>";
		};
		11DC66E7166966B400C3FF37 /* Supporting Files */ = {
			isa = PBXGroup;
			children = (
				11DC66E8166966B400C3FF37 /* TUSafariActivityExample-Info.plist */,
				11DC66E9166966B400C3FF37 /* InfoPlist.strings */,
				11DC66EC166966B400C3FF37 /* main.m */,
				11DC66EE166966B400C3FF37 /* TUSafariActivityExample-Prefix.pch */,
				11DC66F2166966B400C3FF37 /* Default.png */,
				11DC66F4166966B400C3FF37 /* Default@2x.png */,
				11DC66F6166966B400C3FF37 /* Default-568h@2x.png */,
			);
			name = "Supporting Files";
			sourceTree = "<group>";
		};
/* End PBXGroup section */

/* Begin PBXNativeTarget section */
		11DC66DB166966B400C3FF37 /* TUSafariActivityExample */ = {
			isa = PBXNativeTarget;
			buildConfigurationList = 11DC6703166966B400C3FF37 /* Build configuration list for PBXNativeTarget "TUSafariActivityExample" */;
			buildPhases = (
				11DC66D8166966B400C3FF37 /* Sources */,
				11DC66D9166966B400C3FF37 /* Frameworks */,
				11DC66DA166966B400C3FF37 /* Resources */,
			);
			buildRules = (
			);
			dependencies = (
			);
			name = TUSafariActivityExample;
			productName = TUSafariActivityExample;
			productReference = 11DC66DC166966B400C3FF37 /* TUSafariActivityExample.app */;
			productType = "com.apple.product-type.application";
		};
/* End PBXNativeTarget section */

/* Begin PBXProject section */
		11DC66D3166966B400C3FF37 /* Project object */ = {
			isa = PBXProject;
			attributes = {
				LastUpgradeCheck = 0450;
				ORGANIZATIONNAME = ThinkUltimate;
			};
			buildConfigurationList = 11DC66D6166966B400C3FF37 /* Build configuration list for PBXProject "TUSafariActivityExample" */;
			compatibilityVersion = "Xcode 3.2";
			developmentRegion = English;
			hasScannedForEncodings = 0;
			knownRegions = (
				en,
				cs,
				de,
				es,
				eu,
				fr,
				it,
				ja,
				ko,
				nl,
				no,
				ru,
				sk,
				sv,
				vi,
				zh_CN,
			);
			mainGroup = 11DC66D1166966B400C3FF37;
			productRefGroup = 11DC66DD166966B400C3FF37 /* Products */;
			projectDirPath = "";
			projectRoot = "";
			targets = (
				11DC66DB166966B400C3FF37 /* TUSafariActivityExample */,
			);
		};
/* End PBXProject section */

/* Begin PBXResourcesBuildPhase section */
		11DC66DA166966B400C3FF37 /* Resources */ = {
			isa = PBXResourcesBuildPhase;
			buildActionMask = 2147483647;
			files = (
				11DC66EB166966B400C3FF37 /* InfoPlist.strings in Resources */,
				11DC66F3166966B400C3FF37 /* Default.png in Resources */,
				11DC66F5166966B400C3FF37 /* Default@2x.png in Resources */,
				11DC66F7166966B400C3FF37 /* Default-568h@2x.png in Resources */,
				11DC66FA166966B400C3FF37 /* MainStoryboard_iPhone.storyboard in Resources */,
				11DC66FD166966B400C3FF37 /* MainStoryboard_iPad.storyboard in Resources */,
				1112941C1679185000DFB8A2 /* TUSafariActivity.strings in Resources */,
				1112941D1679185000DFB8A2 /* Safari.png in Resources */,
				1112941E1679185000DFB8A2 /* Safari@2x.png in Resources */,
				1112941F1679185000DFB8A2 /* Safari@2x~ipad.png in Resources */,
				111294201679185000DFB8A2 /* Safari~ipad.png in Resources */,
			);
			runOnlyForDeploymentPostprocessing = 0;
		};
/* End PBXResourcesBuildPhase section */

/* Begin PBXSourcesBuildPhase section */
		11DC66D8166966B400C3FF37 /* Sources */ = {
			isa = PBXSourcesBuildPhase;
			buildActionMask = 2147483647;
			files = (
				11DC66ED166966B400C3FF37 /* main.m in Sources */,
				11DC66F1166966B400C3FF37 /* AppDelegate.m in Sources */,
				11DC6700166966B400C3FF37 /* ViewController.m in Sources */,
				111294211679185000DFB8A2 /* TUSafariActivity.m in Sources */,
			);
			runOnlyForDeploymentPostprocessing = 0;
		};
/* End PBXSourcesBuildPhase section */

/* Begin PBXVariantGroup section */
		111294051679185000DFB8A2 /* TUSafariActivity.strings */ = {
			isa = PBXVariantGroup;
			children = (
				111294061679185000DFB8A2 /* cs */,
				111294071679185000DFB8A2 /* de */,
				111294081679185000DFB8A2 /* en */,
				111294091679185000DFB8A2 /* es */,
				1112940A1679185000DFB8A2 /* eu */,
				1112940B1679185000DFB8A2 /* fr */,
				1112940C1679185000DFB8A2 /* it */,
				1112940D1679185000DFB8A2 /* ja */,
				1112940E1679185000DFB8A2 /* ko */,
				1112940F1679185000DFB8A2 /* nl */,
				111294101679185000DFB8A2 /* no */,
				111294111679185000DFB8A2 /* ru */,
				111294161679185000DFB8A2 /* sk */,
				111294171679185000DFB8A2 /* sv */,
				1112941A1679185000DFB8A2 /* vi */,
				1112941B1679185000DFB8A2 /* zh_CN */,
			);
			name = TUSafariActivity.strings;
			sourceTree = "<group>";
		};
		11DC66E9166966B400C3FF37 /* InfoPlist.strings */ = {
			isa = PBXVariantGroup;
			children = (
				11DC66EA166966B400C3FF37 /* en */,
			);
			name = InfoPlist.strings;
			sourceTree = "<group>";
		};
		11DC66F8166966B400C3FF37 /* MainStoryboard_iPhone.storyboard */ = {
			isa = PBXVariantGroup;
			children = (
				11DC66F9166966B400C3FF37 /* en */,
			);
			name = MainStoryboard_iPhone.storyboard;
			sourceTree = "<group>";
		};
		11DC66FB166966B400C3FF37 /* MainStoryboard_iPad.storyboard */ = {
			isa = PBXVariantGroup;
			children = (
				11DC66FC166966B400C3FF37 /* en */,
			);
			name = MainStoryboard_iPad.storyboard;
			sourceTree = "<group>";
		};
/* End PBXVariantGroup section */

/* Begin XCBuildConfiguration section */
		11DC6701166966B400C3FF37 /* Debug */ = {
			isa = XCBuildConfiguration;
			buildSettings = {
				ALWAYS_SEARCH_USER_PATHS = NO;
				CLANG_CXX_LANGUAGE_STANDARD = "gnu++0x";
				CLANG_CXX_LIBRARY = "libc++";
				CLANG_ENABLE_OBJC_ARC = YES;
				CLANG_WARN_EMPTY_BODY = YES;
				CLANG_WARN__DUPLICATE_METHOD_MATCH = YES;
				"CODE_SIGN_IDENTITY[sdk=iphoneos*]" = "iPhone Developer";
				COPY_PHASE_STRIP = NO;
				GCC_C_LANGUAGE_STANDARD = gnu99;
				GCC_DYNAMIC_NO_PIC = NO;
				GCC_OPTIMIZATION_LEVEL = 0;
				GCC_PREPROCESSOR_DEFINITIONS = (
					"DEBUG=1",
					"$(inherited)",
				);
				GCC_SYMBOLS_PRIVATE_EXTERN = NO;
				GCC_WARN_ABOUT_RETURN_TYPE = YES;
				GCC_WARN_UNINITIALIZED_AUTOS = YES;
				GCC_WARN_UNUSED_VARIABLE = YES;
				IPHONEOS_DEPLOYMENT_TARGET = 6.0;
				ONLY_ACTIVE_ARCH = YES;
				SDKROOT = iphoneos;
				TARGETED_DEVICE_FAMILY = "1,2";
			};
			name = Debug;
		};
		11DC6702166966B400C3FF37 /* Release */ = {
			isa = XCBuildConfiguration;
			buildSettings = {
				ALWAYS_SEARCH_USER_PATHS = NO;
				CLANG_CXX_LANGUAGE_STANDARD = "gnu++0x";
				CLANG_CXX_LIBRARY = "libc++";
				CLANG_ENABLE_OBJC_ARC = YES;
				CLANG_WARN_EMPTY_BODY = YES;
				CLANG_WARN__DUPLICATE_METHOD_MATCH = YES;
				"CODE_SIGN_IDENTITY[sdk=iphoneos*]" = "iPhone Developer";
				COPY_PHASE_STRIP = YES;
				GCC_C_LANGUAGE_STANDARD = gnu99;
				GCC_WARN_ABOUT_RETURN_TYPE = YES;
				GCC_WARN_UNINITIALIZED_AUTOS = YES;
				GCC_WARN_UNUSED_VARIABLE = YES;
				IPHONEOS_DEPLOYMENT_TARGET = 6.0;
				OTHER_CFLAGS = "-DNS_BLOCK_ASSERTIONS=1";
				SDKROOT = iphoneos;
				TARGETED_DEVICE_FAMILY = "1,2";
				VALIDATE_PRODUCT = YES;
			};
			name = Release;
		};
		11DC6704166966B400C3FF37 /* Debug */ = {
			isa = XCBuildConfiguration;
			buildSettings = {
				GCC_PRECOMPILE_PREFIX_HEADER = YES;
				GCC_PREFIX_HEADER = "TUSafariActivityExample/TUSafariActivityExample-Prefix.pch";
				INFOPLIST_FILE = "TUSafariActivityExample/TUSafariActivityExample-Info.plist";
				PRODUCT_NAME = "$(TARGET_NAME)";
				WRAPPER_EXTENSION = app;
			};
			name = Debug;
		};
		11DC6705166966B400C3FF37 /* Release */ = {
			isa = XCBuildConfiguration;
			buildSettings = {
				GCC_PRECOMPILE_PREFIX_HEADER = YES;
				GCC_PREFIX_HEADER = "TUSafariActivityExample/TUSafariActivityExample-Prefix.pch";
				INFOPLIST_FILE = "TUSafariActivityExample/TUSafariActivityExample-Info.plist";
				PRODUCT_NAME = "$(TARGET_NAME)";
				WRAPPER_EXTENSION = app;
			};
			name = Release;
		};
/* End XCBuildConfiguration section */

/* Begin XCConfigurationList section */
		11DC66D6166966B400C3FF37 /* Build configuration list for PBXProject "TUSafariActivityExample" */ = {
			isa = XCConfigurationList;
			buildConfigurations = (
				11DC6701166966B400C3FF37 /* Debug */,
				11DC6702166966B400C3FF37 /* Release */,
			);
			defaultConfigurationIsVisible = 0;
			defaultConfigurationName = Release;
		};
		11DC6703166966B400C3FF37 /* Build configuration list for PBXNativeTarget "TUSafariActivityExample" */ = {
			isa = XCConfigurationList;
			buildConfigurations = (
				11DC6704166966B400C3FF37 /* Debug */,
				11DC6705166966B400C3FF37 /* Release */,
			);
			defaultConfigurationIsVisible = 0;
			defaultConfigurationName = Release;
		};
/* End XCConfigurationList section */
	};
	rootObject = 11DC66D3166966B400C3FF37 /* Project object */;
}
